
Microsoft Visual Studio Solution File, Format Version 12.00
# Visual Studio Version 16
VisualStudioVersion = 16.0.32002.261
MinimumVisualStudioVersion = 10.0.40219.1
Project("{9A19103F-16F7-4668-BE54-9A1E7A4F7556}") = "alphabet", "alphabet.atoz\alphabet.csproj", "{19FEB803-0084-4534-9332-70FBD9B951F4}"
EndProject
Project("{9A19103F-16F7-4668-BE54-9A1E7A4F7556}") = "ValueVsRefTypes", "ValueVsRefTypes\ValueVsRefTypes.csproj", "{ADFECE7A-6AEB-4D76-9ABA-732FE33259F9}"
EndProject
Project("{FAE04EC0-301F-11D3-BF4B-00C04F79EFBC}") = "CodeLouisvilleLibrary", "CodeLouisvilleLibrary\CodeLouisvilleLibrary.csproj", "{96DC0138-34DB-4B76-AC24-921CB64B6F09}"
EndProject
Project("{FAE04EC0-301F-11D3-BF4B-00C04F79EFBC}") = "JohnsProject", "JohnsProject\JohnsProject.csproj", "{5193340C-05C8-419D-B9B7-CB83A074CCA6}"
EndProject
Project("{FAE04EC0-301F-11D3-BF4B-00C04F79EFBC}") = "ConsoleApp1", "ConsoleApp1\ConsoleApp1.csproj", "{311EB4A8-F6B7-43DF-B061-7C0907B0A62E}"
EndProject
Global
	GlobalSection(SolutionConfigurationPlatforms) = preSolution
		Debug|Any CPU = Debug|Any CPU
		Release|Any CPU = Release|Any CPU
	EndGlobalSection
	GlobalSection(ProjectConfigurationPlatforms) = postSolution
		{19FEB803-0084-4534-9332-70FBD9B951F4}.Debug|Any CPU.ActiveCfg = Debug|Any CPU
		{19FEB803-0084-4534-9332-70FBD9B951F4}.Debug|Any CPU.Build.0 = Debug|Any CPU
		{19FEB803-0084-4534-9332-70FBD9B951F4}.Release|Any CPU.ActiveCfg = Release|Any CPU
		{19FEB803-0084-4534-9332-70FBD9B951F4}.Release|Any CPU.Build.0 = Release|Any CPU
		{ADFECE7A-6AEB-4D76-9ABA-732FE33259F9}.Debug|Any CPU.ActiveCfg = Debug|Any CPU
		{ADFECE7A-6AEB-4D76-9ABA-732FE33259F9}.Debug|Any CPU.Build.0 = Debug|Any CPU
		{ADFECE7A-6AEB-4D76-9ABA-732FE33259F9}.Release|Any CPU.ActiveCfg = Release|Any CPU
		{ADFECE7A-6AEB-4D76-9ABA-732FE33259F9}.Release|Any CPU.Build.0 = Release|Any CPU
		{96DC0138-34DB-4B76-AC24-921CB64B6F09}.Debug|Any CPU.ActiveCfg = Debug|Any CPU
		{96DC0138-34DB-4B76-AC24-921CB64B6F09}.Debug|Any CPU.Build.0 = Debug|Any CPU
		{96DC0138-34DB-4B76-AC24-921CB64B6F09}.Release|Any CPU.ActiveCfg = Release|Any CPU
		{96DC0138-34DB-4B76-AC24-921CB64B6F09}.Release|Any CPU.Build.0 = Release|Any CPU
		{5193340C-05C8-419D-B9B7-CB83A074CCA6}.Debug|Any CPU.ActiveCfg = Debug|Any CPU
		{5193340C-05C8-419D-B9B7-CB83A074CCA6}.Debug|Any CPU.Build.0 = Debug|Any CPU
		{5193340C-05C8-419D-B9B7-CB83A074CCA6}.Release|Any CPU.ActiveCfg = Release|Any CPU
		{5193340C-05C8-419D-B9B7-CB83A074CCA6}.Release|Any CPU.Build.0 = Release|Any CPU
		{311EB4A8-F6B7-43DF-B061-7C0907B0A62E}.Debug|Any CPU.ActiveCfg = Debug|Any CPU
		{311EB4A8-F6B7-43DF-B061-7C0907B0A62E}.Debug|Any CPU.Build.0 = Debug|Any CPU
		{311EB4A8-F6B7-43DF-B061-7C0907B0A62E}.Release|Any CPU.ActiveCfg = Release|Any CPU
		{311EB4A8-F6B7-43DF-B061-7C0907B0A62E}.Release|Any CPU.Build.0 = Release|Any CPU
	EndGlobalSection
	GlobalSection(SolutionProperties) = preSolution
		HideSolutionNode = FALSE
	EndGlobalSection
	GlobalSection(ExtensibilityGlobals) = postSolution
		SolutionGuid = {239488FD-8066-4B71-999C-59031B11CFBB}
	EndGlobalSection
EndGlobal
